<?xml version="1.0" encoding="utf-8"?>
<Project ToolsVersion="4.0" xmlns="http://schemas.microsoft.com/developer/msbuild/2003">
  <ItemGroup>
    <None Include="D:\영상\FBX-587ef2d3e98282576a95279952cc6950d4d5d10e\FBX-587ef2d3e98282576a95279952cc6950d4d5d10e\.gitattributes" />
  </ItemGroup>
  <ItemGroup>
    <ClCompile Include="Camera\Camera.cpp" />
    <ClCompile Include="Landscape\Landscape.cpp" />
    <ClCompile Include="Landscape\Skydome.cpp" />
    <ClCompile Include="Model\Model.cpp" />
    <ClCompile Include="Model\ModelAnimation.cpp" />
    <ClCompile Include="Model\ModelAnimationController.cpp" />
    <ClCompile Include="Model\ModelAnimationKeyFrames.cpp" />
    <ClCompile Include="Model\ModelBoneWeights.cpp" />
    <ClCompile Include="Model\ModelMaterial.cpp" />
    <ClCompile Include="Model\ModelPart.cpp" />
    <ClCompile Include="Model\ModelScene.cpp" />
    <ClCompile Include="Model\ModelSkeleton.cpp" />
    <ClCompile Include="Model\ModelSkeletonBone.cpp" />
    <ClCompile Include="Render\Blender.cpp" />
    <ClCompile Include="Render\D2DRender.cpp" />
    <ClCompile Include="Render\DepthStencil.cpp" />
    <ClCompile Include="Render\Rasterizer.cpp" />
    <ClCompile Include="Render\RenderTexture.cpp" />
    <ClCompile Include="Render\Sampler.cpp" />
    <ClCompile Include="Render\Texture.cpp" />
    <ClCompile Include="Render\UserInterface.cpp" />
    <ClCompile Include="Render\VertexLayout.cpp" />
    <ClCompile Include="Shader\Shader.cpp" />
    <ClCompile Include="System\D3D.cpp" />
    <ClCompile Include="System\Frames.cpp" />
    <ClCompile Include="System\Keyboard.cpp" />
    <ClCompile Include="System\Mouse.cpp" />
    <ClCompile Include="System\TweakBar.cpp" />
    <ClCompile Include="System\Window.cpp" />
    <ClCompile Include="Utility\BinaryFile.cpp" />
    <ClCompile Include="Utility\Mesh.cpp" />
    <ClCompile Include="Utility\String.cpp" />
    <ClCompile Include="GameMain.cpp" />
    <ClCompile Include="WinMain.cpp" />
  </ItemGroup>
  <ItemGroup>
    <ClInclude Include="Camera\Camera.h" />
    <ClInclude Include="Landscape\Landscape.h" />
    <ClInclude Include="Landscape\Skydome.h" />
    <ClInclude Include="Landscape\SkydomeBuffer.h" />
    <ClInclude Include="Model\Model.h" />
    <ClInclude Include="Model\ModelAnimation.h" />
    <ClInclude Include="Model\ModelAnimationController.h" />
    <ClInclude Include="Model\ModelAnimationKeyFrames.h" />
    <ClInclude Include="Model\ModelBoneWeights.h" />
    <ClInclude Include="Model\ModelBuffer.h" />
    <ClInclude Include="Model\ModelMaterial.h" />
    <ClInclude Include="Model\ModelPart.h" />
    <ClInclude Include="Model\ModelScene.h" />
    <ClInclude Include="Model\ModelSkeleton.h" />
    <ClInclude Include="Model\ModelSkeletonBone.h" />
    <ClInclude Include="Model\ModelUtility.h" />
    <ClInclude Include="Render\Blender.h" />
    <ClInclude Include="Render\D2DRender.h" />
    <ClInclude Include="Render\DepthStencil.h" />
    <ClInclude Include="Render\Rasterizer.h" />
    <ClInclude Include="Render\RenderTexture.h" />
    <ClInclude Include="Render\Sampler.h" />
    <ClInclude Include="Render\Texture.h" />
    <ClInclude Include="Render\UserInterface.h" />
    <ClInclude Include="Render\VertexLayout.h" />
    <ClInclude Include="Shader\CameraBuffer.h" />
    <ClInclude Include="Shader\MaterialBuffer.h" />
    <ClInclude Include="Shader\Shader.h" />
    <ClInclude Include="Shader\ShaderBuffer.h" />
    <ClInclude Include="Shader\SunBuffer.h" />
    <ClInclude Include="Shader\WorldBuffer.h" />
    <ClInclude Include="System\D3D.h" />
    <ClInclude Include="System\Frames.h" />
    <ClInclude Include="System\Keyboard.h" />
    <ClInclude Include="System\Mouse.h" />
    <ClInclude Include="System\TweakBar.h" />
    <ClInclude Include="System\Window.h" />
    <ClInclude Include="Utility\BinaryFile.h" />
    <ClInclude Include="Utility\Mesh.h" />
    <ClInclude Include="Utility\String.h" />
    <ClInclude Include="GameMain.h" />
    <ClInclude Include="stdafx.h" />
  </ItemGroup>
</Project>